# This file is automatically @generated by Cargo.
# It is not intended for manual editing.
version = 3

[[package]]
name = "bpaf"
version = "0.7.4"
source = "registry+https://github.com/rust-lang/crates.io-index"
checksum = "c1d82edc4ffa19253b3a40a94d051613f18b6a5ee48f4e930599ee4c35ee0b74"
dependencies = [
 "bpaf_derive",
]

[[package]]
name = "bpaf_derive"
version = "0.3.3"
source = "registry+https://github.com/rust-lang/crates.io-index"
checksum = "5ed63113bfb3a9bb25dd131acdf0044c7404000ea57dd9eec1f221e3547b4748"
dependencies = [
 "proc-macro2",
 "quote",
 "syn",
]

[[package]]
name = "cc"
version = "1.0.77"
source = "registry+https://github.com/rust-lang/crates.io-index"
checksum = "e9f73505338f7d905b19d18738976aae232eb46b8efc15554ffc56deb5d9ebe4"

[[package]]
name = "libc"
version = "0.2.137"
source = "registry+https://github.com/rust-lang/crates.io-index"
checksum = "fc7fcc620a3bff7cdd7a365be3376c97191aeaccc2a603e600951e452615bf89"

[[package]]
name = "libusb1-sys"
version = "0.6.4"
source = "registry+https://github.com/rust-lang/crates.io-index"
checksum = "f9d0e2afce4245f2c9a418511e5af8718bcaf2fa408aefb259504d1a9cb25f27"
dependencies = [
 "cc",
 "libc",
 "pkg-config",
 "vcpkg",
]

[[package]]
name = "pkg-config"
version = "0.3.26"
source = "registry+https://github.com/rust-lang/crates.io-index"
checksum = "6ac9a59f73473f1b8d852421e59e64809f025994837ef743615c6d0c5b305160"

[[package]]
name = "proc-macro2"
version = "1.0.47"
source = "registry+https://github.com/rust-lang/crates.io-index"
checksum = "5ea3d908b0e36316caf9e9e2c4625cdde190a7e6f440d794667ed17a1855e725"
dependencies = [
 "unicode-ident",
]

[[package]]
name = "quote"
version = "1.0.21"
source = "registry+https://github.com/rust-lang/crates.io-index"
checksum = "bbe448f377a7d6961e30f5955f9b8d106c3f5e449d493ee1b125c1d43c2b5179"
dependencies = [
 "proc-macro2",
]

[[package]]
name = "rusb"
version = "0.9.1"
source = "registry+https://github.com/rust-lang/crates.io-index"
checksum = "703aa035c21c589b34fb5136b12e68fc8dcf7ea46486861381361dd8ebf5cee0"
dependencies = [
 "libc",
 "libusb1-sys",
]

[[package]]
name = "rust-usb-examples"
version = "0.1.0"
dependencies = [
 "bpaf",
 "rusb",
]

[[package]]
name = "syn"
version = "1.0.103"
source = "registry+https://github.com/rust-lang/crates.io-index"
checksum = "a864042229133ada95abf3b54fdc62ef5ccabe9515b64717bcb9a1919e59445d"
dependencies = [
 "proc-macro2",
 "quote",
 "unicode-ident",
]

[[package]]
name = "unicode-ident"
version = "1.0.5"
source = "registry+https://github.com/rust-lang/crates.io-index"
checksum = "6ceab39d59e4c9499d4e5a8ee0e2735b891bb7308ac83dfb4e80cad195c9f6f3"

[[package]]
name = "vcpkg"
version = "0.2.15"
source = "registry+https://github.com/rust-lang/crates.io-index"
checksum = "accd4ea62f7bb7a82fe23066fb0957d48ef677f6eeb8215f372f52e48bb32426"
